# This file is automatically @generated by Cargo.
# It is not intended for manual editing.
version = 3

[[package]]
name = "rune-cli"
version = "0.1.0"
dependencies = [
 "rune-core",
 "rune-fs",
]

[[package]]
name = "rune-core"
version = "0.1.0"
dependencies = [
 "rune-fs",
 "rune-shell",
]

[[package]]
name = "rune-ffi"
version = "0.1.0"
dependencies = [
 "rune-core",
 "rune-fs",
]

[[package]]
name = "rune-fs"
version = "0.1.0"

[[package]]
name = "rune-shell"
version = "0.1.0"
